
Microsoft Visual Studio Solution File, Format Version 12.00
# Visual Studio Version 16
VisualStudioVersion = 16.0.30621.155
MinimumVisualStudioVersion = 10.0.40219.1
Project("{9A19103F-16F7-4668-BE54-9A1E7A4F7556}") = "Moonwolf", "Moonwolf\Moonwolf.csproj", "{BDA93A34-5070-4B93-AC06-748900789252}"
EndProject
Project("{FAE04EC0-301F-11D3-BF4B-00C04F79EFBC}") = "Tests", "Tests\Tests.csproj", "{AFE958F0-3C90-4493-A425-48A660B58E76}"
EndProject
Global
	GlobalSection(SolutionConfigurationPlatforms) = preSolution
		Debug|Any CPU = Debug|Any CPU
		Release|Any CPU = Release|Any CPU
	EndGlobalSection
	GlobalSection(ProjectConfigurationPlatforms) = postSolution
		{BDA93A34-5070-4B93-AC06-748900789252}.Debug|Any CPU.ActiveCfg = Debug|Any CPU
		{BDA93A34-5070-4B93-AC06-748900789252}.Debug|Any CPU.Build.0 = Debug|Any CPU
		{BDA93A34-5070-4B93-AC06-748900789252}.Release|Any CPU.ActiveCfg = Release|Any CPU
		{BDA93A34-5070-4B93-AC06-748900789252}.Release|Any CPU.Build.0 = Release|Any CPU
		{AFE958F0-3C90-4493-A425-48A660B58E76}.Debug|Any CPU.ActiveCfg = Debug|Any CPU
		{AFE958F0-3C90-4493-A425-48A660B58E76}.Debug|Any CPU.Build.0 = Debug|Any CPU
		{AFE958F0-3C90-4493-A425-48A660B58E76}.Release|Any CPU.ActiveCfg = Release|Any CPU
		{AFE958F0-3C90-4493-A425-48A660B58E76}.Release|Any CPU.Build.0 = Release|Any CPU
	EndGlobalSection
	GlobalSection(SolutionProperties) = preSolution
		HideSolutionNode = FALSE
	EndGlobalSection
	GlobalSection(ExtensibilityGlobals) = postSolution
		SolutionGuid = {D4237B1C-7C02-4F69-9033-891DBF57DF59}
	EndGlobalSection
EndGlobal
